
Microsoft Visual Studio Solution File, Format Version 12.00
# Visual Studio 15
VisualStudioVersion = 15.0.28307.438
MinimumVisualStudioVersion = 10.0.40219.1
Project("{FAE04EC0-301F-11D3-BF4B-00C04F79EFBC}") = "LINQ73", "LINQ73\LINQ73.csproj", "{D7DEF223-ABED-4D7B-9139-FE3EDA1C74EF}"
EndProject
Global
	GlobalSection(SolutionConfigurationPlatforms) = preSolution
		Debug|Any CPU = Debug|Any CPU
		Release|Any CPU = Release|Any CPU
	EndGlobalSection
	GlobalSection(ProjectConfigurationPlatforms) = postSolution
		{D7DEF223-ABED-4D7B-9139-FE3EDA1C74EF}.Debug|Any CPU.ActiveCfg = Debug|Any CPU
		{D7DEF223-ABED-4D7B-9139-FE3EDA1C74EF}.Debug|Any CPU.Build.0 = Debug|Any CPU
		{D7DEF223-ABED-4D7B-9139-FE3EDA1C74EF}.Release|Any CPU.ActiveCfg = Release|Any CPU
		{D7DEF223-ABED-4D7B-9139-FE3EDA1C74EF}.Release|Any CPU.Build.0 = Release|Any CPU
	EndGlobalSection
	GlobalSection(SolutionProperties) = preSolution
		HideSolutionNode = FALSE
	EndGlobalSection
	GlobalSection(ExtensibilityGlobals) = postSolution
		SolutionGuid = {64F72BC1-FE79-47AA-8956-66128635F602}
	EndGlobalSection
EndGlobal
